
Microsoft Visual Studio Solution File, Format Version 12.00
# Visual Studio Version 17
VisualStudioVersion = 17.2.32526.322
MinimumVisualStudioVersion = 10.0.40219.1
Project("{FAE04EC0-301F-11D3-BF4B-00C04F79EFBC}") = "FoodWebAppApi", "FoodWebAppApi\FoodWebAppApi.csproj", "{34A9B131-6071-4517-A2A3-8EFD6BC4352D}"
EndProject
Global
	GlobalSection(SolutionConfigurationPlatforms) = preSolution
		Debug|Any CPU = Debug|Any CPU
		Release|Any CPU = Release|Any CPU
	EndGlobalSection
	GlobalSection(ProjectConfigurationPlatforms) = postSolution
		{34A9B131-6071-4517-A2A3-8EFD6BC4352D}.Debug|Any CPU.ActiveCfg = Debug|Any CPU
		{34A9B131-6071-4517-A2A3-8EFD6BC4352D}.Debug|Any CPU.Build.0 = Debug|Any CPU
		{34A9B131-6071-4517-A2A3-8EFD6BC4352D}.Release|Any CPU.ActiveCfg = Release|Any CPU
		{34A9B131-6071-4517-A2A3-8EFD6BC4352D}.Release|Any CPU.Build.0 = Release|Any CPU
	EndGlobalSection
	GlobalSection(SolutionProperties) = preSolution
		HideSolutionNode = FALSE
	EndGlobalSection
	GlobalSection(ExtensibilityGlobals) = postSolution
		SolutionGuid = {0C8BC796-A0F4-410A-B369-3E51ECA7FD19}
	EndGlobalSection
EndGlobal
